// !$*UTF8*$!
{
	archiveVersion = 1;
	classes = {
	};
	objectVersion = 46;
	objects = {

/* Begin PBXBuildFile section */
		F206B13219C6574A006921C3 /* Foundation.framework in Frameworks */ = {isa = PBXBuildFile; fileRef = F206B13119C6574A006921C3 /* Foundation.framework */; };
		F206B13419C6574A006921C3 /* CoreGraphics.framework in Frameworks */ = {isa = PBXBuildFile; fileRef = F206B13319C6574A006921C3 /* CoreGraphics.framework */; };
		F206B13619C6574A006921C3 /* UIKit.framework in Frameworks */ = {isa = PBXBuildFile; fileRef = F206B13519C6574A006921C3 /* UIKit.framework */; };
		F206B13C19C6574A006921C3 /* InfoPlist.strings in Resources */ = {isa = PBXBuildFile; fileRef = F206B13A19C6574A006921C3 /* InfoPlist.strings */; };
		F206B13E19C6574A006921C3 /* main.m in Sources */ = {isa = PBXBuildFile; fileRef = F206B13D19C6574A006921C3 /* main.m */; };
		F206B14219C6574A006921C3 /* CardGameAppDelegate.m in Sources */ = {isa = PBXBuildFile; fileRef = F206B14119C6574A006921C3 /* CardGameAppDelegate.m */; };
		F206B14519C6574A006921C3 /* Main.storyboard in Resources */ = {isa = PBXBuildFile; fileRef = F206B14319C6574A006921C3 /* Main.storyboard */; };
		F206B14819C6574A006921C3 /* CardGameViewController.m in Sources */ = {isa = PBXBuildFile; fileRef = F206B14719C6574A006921C3 /* CardGameViewController.m */; };
		F206B14A19C6574A006921C3 /* Images.xcassets in Resources */ = {isa = PBXBuildFile; fileRef = F206B14919C6574A006921C3 /* Images.xcassets */; };
		F206B15119C6574A006921C3 /* XCTest.framework in Frameworks */ = {isa = PBXBuildFile; fileRef = F206B15019C6574A006921C3 /* XCTest.framework */; };
		F206B15219C6574A006921C3 /* Foundation.framework in Frameworks */ = {isa = PBXBuildFile; fileRef = F206B13119C6574A006921C3 /* Foundation.framework */; };
		F206B15319C6574A006921C3 /* UIKit.framework in Frameworks */ = {isa = PBXBuildFile; fileRef = F206B13519C6574A006921C3 /* UIKit.framework */; };
		F206B15B19C6574A006921C3 /* InfoPlist.strings in Resources */ = {isa = PBXBuildFile; fileRef = F206B15919C6574A006921C3 /* InfoPlist.strings */; };
		F206B15D19C6574A006921C3 /* MatchismoTests.m in Sources */ = {isa = PBXBuildFile; fileRef = F206B15C19C6574A006921C3 /* MatchismoTests.m */; };
		F206B16819C66959006921C3 /* Card.m in Sources */ = {isa = PBXBuildFile; fileRef = F206B16719C66959006921C3 /* Card.m */; };
		F206B16C19C6B0DA006921C3 /* Deck.m in Sources */ = {isa = PBXBuildFile; fileRef = F206B16B19C6B0DA006921C3 /* Deck.m */; };
		F206B16F19C6B6BD006921C3 /* PlayingCard.m in Sources */ = {isa = PBXBuildFile; fileRef = F206B16E19C6B6BD006921C3 /* PlayingCard.m */; };
		F206B17219C809D5006921C3 /* PlayingCardDeck.m in Sources */ = {isa = PBXBuildFile; fileRef = F206B17119C809D5006921C3 /* PlayingCardDeck.m */; };
		F232090B19C9488400E146B9 /* CardMatchingGame.m in Sources */ = {isa = PBXBuildFile; fileRef = F232090A19C9488400E146B9 /* CardMatchingGame.m */; };
/* End PBXBuildFile section */

/* Begin PBXContainerItemProxy section */
		F206B15419C6574A006921C3 /* PBXContainerItemProxy */ = {
			isa = PBXContainerItemProxy;
			containerPortal = F206B12619C6574A006921C3 /* Project object */;
			proxyType = 1;
			remoteGlobalIDString = F206B12D19C6574A006921C3;
			remoteInfo = Matchismo;
		};
/* End PBXContainerItemProxy section */

/* Begin PBXFileReference section */
		F206B12E19C6574A006921C3 /* Matchismo.app */ = {isa = PBXFileReference; explicitFileType = wrapper.application; includeInIndex = 0; path = Matchismo.app; sourceTree = BUILT_PRODUCTS_DIR; };
		F206B13119C6574A006921C3 /* Foundation.framework */ = {isa = PBXFileReference; lastKnownFileType = wrapper.framework; name = Foundation.framework; path = System/Library/Frameworks/Foundation.framework; sourceTree = SDKROOT; };
		F206B13319C6574A006921C3 /* CoreGraphics.framework */ = {isa = PBXFileReference; lastKnownFileType = wrapper.framework; name = CoreGraphics.framework; path = System/Library/Frameworks/CoreGraphics.framework; sourceTree = SDKROOT; };
		F206B13519C6574A006921C3 /* UIKit.framework */ = {isa = PBXFileReference; lastKnownFileType = wrapper.framework; name = UIKit.framework; path = System/Library/Frameworks/UIKit.framework; sourceTree = SDKROOT; };
		F206B13919C6574A006921C3 /* Matchismo-Info.plist */ = {isa = PBXFileReference; lastKnownFileType = text.plist.xml; path = "Matchismo-Info.plist"; sourceTree = "<group>"; };
		F206B13B19C6574A006921C3 /* en */ = {isa = PBXFileReference; lastKnownFileType = text.plist.strings; name = en; path = en.lproj/InfoPlist.strings; sourceTree = "<group>"; };
		F206B13D19C6574A006921C3 /* main.m */ = {isa = PBXFileReference; lastKnownFileType = sourcecode.c.objc; path = main.m; sourceTree = "<group>"; };
		F206B13F19C6574A006921C3 /* Matchismo-Prefix.pch */ = {isa = PBXFileReference; lastKnownFileType = sourcecode.c.h; path = "Matchismo-Prefix.pch"; sourceTree = "<group>"; };
		F206B14019C6574A006921C3 /* CardGameAppDelegate.h */ = {isa = PBXFileReference; lastKnownFileType = sourcecode.c.h; path = CardGameAppDelegate.h; sourceTree = "<group>"; };
		F206B14119C6574A006921C3 /* CardGameAppDelegate.m */ = {isa = PBXFileReference; lastKnownFileType = sourcecode.c.objc; path = CardGameAppDelegate.m; sourceTree = "<group>"; };
		F206B14419C6574A006921C3 /* Base */ = {isa = PBXFileReference; lastKnownFileType = file.storyboard; name = Base; path = Base.lproj/Main.storyboard; sourceTree = "<group>"; };
		F206B14619C6574A006921C3 /* CardGameViewController.h */ = {isa = PBXFileReference; lastKnownFileType = sourcecode.c.h; path = CardGameViewController.h; sourceTree = "<group>"; };
		F206B14719C6574A006921C3 /* CardGameViewController.m */ = {isa = PBXFileReference; lastKnownFileType = sourcecode.c.objc; path = CardGameViewController.m; sourceTree = "<group>"; };
		F206B14919C6574A006921C3 /* Images.xcassets */ = {isa = PBXFileReference; lastKnownFileType = folder.assetcatalog; path = Images.xcassets; sourceTree = "<group>"; };
		F206B14F19C6574A006921C3 /* MatchismoTests.xctest */ = {isa = PBXFileReference; explicitFileType = wrapper.cfbundle; includeInIndex = 0; path = MatchismoTests.xctest; sourceTree = BUILT_PRODUCTS_DIR; };
		F206B15019C6574A006921C3 /* XCTest.framework */ = {isa = PBXFileReference; lastKnownFileType = wrapper.framework; name = XCTest.framework; path = Library/Frameworks/XCTest.framework; sourceTree = DEVELOPER_DIR; };
		F206B15819C6574A006921C3 /* MatchismoTests-Info.plist */ = {isa = PBXFileReference; lastKnownFileType = text.plist.xml; path = "MatchismoTests-Info.plist"; sourceTree = "<group>"; };
		F206B15A19C6574A006921C3 /* en */ = {isa = PBXFileReference; lastKnownFileType = text.plist.strings; name = en; path = en.lproj/InfoPlist.strings; sourceTree = "<group>"; };
		F206B15C19C6574A006921C3 /* MatchismoTests.m */ = {isa = PBXFileReference; lastKnownFileType = sourcecode.c.objc; path = MatchismoTests.m; sourceTree = "<group>"; };
		F206B16619C66959006921C3 /* Card.h */ = {isa = PBXFileReference; fileEncoding = 4; lastKnownFileType = sourcecode.c.h; name = Card.h; path = Model/Card.h; sourceTree = "<group>"; };
		F206B16719C66959006921C3 /* Card.m */ = {isa = PBXFileReference; fileEncoding = 4; lastKnownFileType = sourcecode.c.objc; name = Card.m; path = Model/Card.m; sourceTree = "<group>"; };
		F206B16A19C6B0DA006921C3 /* Deck.h */ = {isa = PBXFileReference; fileEncoding = 4; lastKnownFileType = sourcecode.c.h; name = Deck.h; path = Model/Deck.h; sourceTree = "<group>"; };
		F206B16B19C6B0DA006921C3 /* Deck.m */ = {isa = PBXFileReference; fileEncoding = 4; lastKnownFileType = sourcecode.c.objc; name = Deck.m; path = Model/Deck.m; sourceTree = "<group>"; };
		F206B16D19C6B6BD006921C3 /* PlayingCard.h */ = {isa = PBXFileReference; fileEncoding = 4; lastKnownFileType = sourcecode.c.h; name = PlayingCard.h; path = Model/PlayingCard.h; sourceTree = "<group>"; };
		F206B16E19C6B6BD006921C3 /* PlayingCard.m */ = {isa = PBXFileReference; fileEncoding = 4; lastKnownFileType = sourcecode.c.objc; name = PlayingCard.m; path = Model/PlayingCard.m; sourceTree = "<group>"; };
		F206B17019C809D5006921C3 /* PlayingCardDeck.h */ = {isa = PBXFileReference; fileEncoding = 4; lastKnownFileType = sourcecode.c.h; name = PlayingCardDeck.h; path = Model/PlayingCardDeck.h; sourceTree = "<group>"; };
		F206B17119C809D5006921C3 /* PlayingCardDeck.m */ = {isa = PBXFileReference; fileEncoding = 4; lastKnownFileType = sourcecode.c.objc; name = PlayingCardDeck.m; path = Model/PlayingCardDeck.m; sourceTree = "<group>"; };
		F232090919C9488400E146B9 /* CardMatchingGame.h */ = {isa = PBXFileReference; fileEncoding = 4; lastKnownFileType = sourcecode.c.h; name = CardMatchingGame.h; path = Model/CardMatchingGame.h; sourceTree = "<group>"; };
		F232090A19C9488400E146B9 /* CardMatchingGame.m */ = {isa = PBXFileReference; fileEncoding = 4; lastKnownFileType = sourcecode.c.objc; name = CardMatchingGame.m; path = Model/CardMatchingGame.m; sourceTree = "<group>"; };
/* End PBXFileReference section */

/* Begin PBXFrameworksBuildPhase section */
		F206B12B19C6574A006921C3 /* Frameworks */ = {
			isa = PBXFrameworksBuildPhase;
			buildActionMask = 2147483647;
			files = (
				F206B13419C6574A006921C3 /* CoreGraphics.framework in Frameworks */,
				F206B13619C6574A006921C3 /* UIKit.framework in Frameworks */,
				F206B13219C6574A006921C3 /* Foundation.framework in Frameworks */,
			);
			runOnlyForDeploymentPostprocessing = 0;
		};
		F206B14C19C6574A006921C3 /* Frameworks */ = {
			isa = PBXFrameworksBuildPhase;
			buildActionMask = 2147483647;
			files = (
				F206B15119C6574A006921C3 /* XCTest.framework in Frameworks */,
				F206B15319C6574A006921C3 /* UIKit.framework in Frameworks */,
				F206B15219C6574A006921C3 /* Foundation.framework in Frameworks */,
			);
			runOnlyForDeploymentPostprocessing = 0;
		};
/* End PBXFrameworksBuildPhase section */

/* Begin PBXGroup section */
		F206B12519C6574A006921C3 = {
			isa = PBXGroup;
			children = (
				F206B13719C6574A006921C3 /* Matchismo */,
				F206B15619C6574A006921C3 /* MatchismoTests */,
				F206B13019C6574A006921C3 /* Frameworks */,
				F206B12F19C6574A006921C3 /* Products */,
			);
			sourceTree = "<group>";
		};
		F206B12F19C6574A006921C3 /* Products */ = {
			isa = PBXGroup;
			children = (
				F206B12E19C6574A006921C3 /* Matchismo.app */,
				F206B14F19C6574A006921C3 /* MatchismoTests.xctest */,
			);
			name = Products;
			sourceTree = "<group>";
		};
		F206B13019C6574A006921C3 /* Frameworks */ = {
			isa = PBXGroup;
			children = (
				F206B13119C6574A006921C3 /* Foundation.framework */,
				F206B13319C6574A006921C3 /* CoreGraphics.framework */,
				F206B13519C6574A006921C3 /* UIKit.framework */,
				F206B15019C6574A006921C3 /* XCTest.framework */,
			);
			name = Frameworks;
			sourceTree = "<group>";
		};
		F206B13719C6574A006921C3 /* Matchismo */ = {
			isa = PBXGroup;
			children = (
				F206B16919C6698A006921C3 /* Model */,
				F206B14319C6574A006921C3 /* Main.storyboard */,
				F206B14619C6574A006921C3 /* CardGameViewController.h */,
				F206B14719C6574A006921C3 /* CardGameViewController.m */,
				F206B14919C6574A006921C3 /* Images.xcassets */,
				F206B13819C6574A006921C3 /* Supporting Files */,
			);
			path = Matchismo;
			sourceTree = "<group>";
		};
		F206B13819C6574A006921C3 /* Supporting Files */ = {
			isa = PBXGroup;
			children = (
				F206B14019C6574A006921C3 /* CardGameAppDelegate.h */,
				F206B14119C6574A006921C3 /* CardGameAppDelegate.m */,
				F206B13919C6574A006921C3 /* Matchismo-Info.plist */,
				F206B13A19C6574A006921C3 /* InfoPlist.strings */,
				F206B13D19C6574A006921C3 /* main.m */,
				F206B13F19C6574A006921C3 /* Matchismo-Prefix.pch */,
			);
			name = "Supporting Files";
			sourceTree = "<group>";
		};
		F206B15619C6574A006921C3 /* MatchismoTests */ = {
			isa = PBXGroup;
			children = (
				F206B15C19C6574A006921C3 /* MatchismoTests.m */,
				F206B15719C6574A006921C3 /* Supporting Files */,
			);
			path = MatchismoTests;
			sourceTree = "<group>";
		};
		F206B15719C6574A006921C3 /* Supporting Files */ = {
			isa = PBXGroup;
			children = (
				F206B15819C6574A006921C3 /* MatchismoTests-Info.plist */,
				F206B15919C6574A006921C3 /* InfoPlist.strings */,
			);
			name = "Supporting Files";
			sourceTree = "<group>";
		};
		F206B16919C6698A006921C3 /* Model */ = {
			isa = PBXGroup;
			children = (
				F206B16719C66959006921C3 /* Card.m */,
				F206B16619C66959006921C3 /* Card.h */,
				F206B16A19C6B0DA006921C3 /* Deck.h */,
				F206B16B19C6B0DA006921C3 /* Deck.m */,
				F206B16D19C6B6BD006921C3 /* PlayingCard.h */,
				F206B16E19C6B6BD006921C3 /* PlayingCard.m */,
				F206B17019C809D5006921C3 /* PlayingCardDeck.h */,
				F206B17119C809D5006921C3 /* PlayingCardDeck.m */,
				F232090919C9488400E146B9 /* CardMatchingGame.h */,
				F232090A19C9488400E146B9 /* CardMatchingGame.m */,
			);
			name = Model;
			sourceTree = "<group>";
		};
/* End PBXGroup section */

/* Begin PBXNativeTarget section */
		F206B12D19C6574A006921C3 /* Matchismo */ = {
			isa = PBXNativeTarget;
			buildConfigurationList = F206B16019C6574A006921C3 /* Build configuration list for PBXNativeTarget "Matchismo" */;
			buildPhases = (
				F206B12A19C6574A006921C3 /* Sources */,
				F206B12B19C6574A006921C3 /* Frameworks */,
				F206B12C19C6574A006921C3 /* Resources */,
			);
			buildRules = (
			);
			dependencies = (
			);
			name = Matchismo;
			productName = Matchismo;
			productReference = F206B12E19C6574A006921C3 /* Matchismo.app */;
			productType = "com.apple.product-type.application";
		};
		F206B14E19C6574A006921C3 /* MatchismoTests */ = {
			isa = PBXNativeTarget;
			buildConfigurationList = F206B16319C6574A006921C3 /* Build configuration list for PBXNativeTarget "MatchismoTests" */;
			buildPhases = (
				F206B14B19C6574A006921C3 /* Sources */,
				F206B14C19C6574A006921C3 /* Frameworks */,
				F206B14D19C6574A006921C3 /* Resources */,
			);
			buildRules = (
			);
			dependencies = (
				F206B15519C6574A006921C3 /* PBXTargetDependency */,
			);
			name = MatchismoTests;
			productName = MatchismoTests;
			productReference = F206B14F19C6574A006921C3 /* MatchismoTests.xctest */;
			productType = "com.apple.product-type.bundle.unit-test";
		};
/* End PBXNativeTarget section */

/* Begin PBXProject section */
		F206B12619C6574A006921C3 /* Project object */ = {
			isa = PBXProject;
			attributes = {
				CLASSPREFIX = CardGame;
				LastUpgradeCheck = 0510;
				ORGANIZATIONNAME = "Larry Liu";
				TargetAttributes = {
					F206B14E19C6574A006921C3 = {
						TestTargetID = F206B12D19C6574A006921C3;
					};
				};
			};
			buildConfigurationList = F206B12919C6574A006921C3 /* Build configuration list for PBXProject "Matchismo" */;
			compatibilityVersion = "Xcode 3.2";
			developmentRegion = English;
			hasScannedForEncodings = 0;
			knownRegions = (
				en,
				Base,
			);
			mainGroup = F206B12519C6574A006921C3;
			productRefGroup = F206B12F19C6574A006921C3 /* Products */;
			projectDirPath = "";
			projectRoot = "";
			targets = (
				F206B12D19C6574A006921C3 /* Matchismo */,
				F206B14E19C6574A006921C3 /* MatchismoTests */,
			);
		};
/* End PBXProject section */

/* Begin PBXResourcesBuildPhase section */
		F206B12C19C6574A006921C3 /* Resources */ = {
			isa = PBXResourcesBuildPhase;
			buildActionMask = 2147483647;
			files = (
				F206B14A19C6574A006921C3 /* Images.xcassets in Resources */,
				F206B13C19C6574A006921C3 /* InfoPlist.strings in Resources */,
				F206B14519C6574A006921C3 /* Main.storyboard in Resources */,
			);
			runOnlyForDeploymentPostprocessing = 0;
		};
		F206B14D19C6574A006921C3 /* Resources */ = {
			isa = PBXResourcesBuildPhase;
			buildActionMask = 2147483647;
			files = (
				F206B15B19C6574A006921C3 /* InfoPlist.strings in Resources */,
			);
			runOnlyForDeploymentPostprocessing = 0;
		};
/* End PBXResourcesBuildPhase section */

/* Begin PBXSourcesBuildPhase section */
		F206B12A19C6574A006921C3 /* Sources */ = {
			isa = PBXSourcesBuildPhase;
			buildActionMask = 2147483647;
			files = (
				F206B16F19C6B6BD006921C3 /* PlayingCard.m in Sources */,
				F206B16C19C6B0DA006921C3 /* Deck.m in Sources */,
				F206B14219C6574A006921C3 /* CardGameAppDelegate.m in Sources */,
				F206B14819C6574A006921C3 /* CardGameViewController.m in Sources */,
				F232090B19C9488400E146B9 /* CardMatchingGame.m in Sources */,
				F206B17219C809D5006921C3 /* PlayingCardDeck.m in Sources */,
				F206B13E19C6574A006921C3 /* main.m in Sources */,
				F206B16819C66959006921C3 /* Card.m in Sources */,
			);
			runOnlyForDeploymentPostprocessing = 0;
		};
		F206B14B19C6574A006921C3 /* Sources */ = {
			isa = PBXSourcesBuildPhase;
			buildActionMask = 2147483647;
			files = (
				F206B15D19C6574A006921C3 /* MatchismoTests.m in Sources */,
			);
			runOnlyForDeploymentPostprocessing = 0;
		};
/* End PBXSourcesBuildPhase section */

/* Begin PBXTargetDependency section */
		F206B15519C6574A006921C3 /* PBXTargetDependency */ = {
			isa = PBXTargetDependency;
			target = F206B12D19C6574A006921C3 /* Matchismo */;
			targetProxy = F206B15419C6574A006921C3 /* PBXContainerItemProxy */;
		};
/* End PBXTargetDependency section */

/* Begin PBXVariantGroup section */
		F206B13A19C6574A006921C3 /* InfoPlist.strings */ = {
			isa = PBXVariantGroup;
			children = (
				F206B13B19C6574A006921C3 /* en */,
			);
			name = InfoPlist.strings;
			sourceTree = "<group>";
		};
		F206B14319C6574A006921C3 /* Main.storyboard */ = {
			isa = PBXVariantGroup;
			children = (
				F206B14419C6574A006921C3 /* Base */,
			);
			name = Main.storyboard;
			sourceTree = "<group>";
		};
		F206B15919C6574A006921C3 /* InfoPlist.strings */ = {
			isa = PBXVariantGroup;
			children = (
				F206B15A19C6574A006921C3 /* en */,
			);
			name = InfoPlist.strings;
			sourceTree = "<group>";
		};
/* End PBXVariantGroup section */

/* Begin XCBuildConfiguration section */
		F206B15E19C6574A006921C3 /* Debug */ = {
			isa = XCBuildConfiguration;
			buildSettings = {
				ALWAYS_SEARCH_USER_PATHS = NO;
				CLANG_CXX_LANGUAGE_STANDARD = "gnu++0x";
				CLANG_CXX_LIBRARY = "libc++";
				CLANG_ENABLE_MODULES = YES;
				CLANG_ENABLE_OBJC_ARC = YES;
				CLANG_WARN_BOOL_CONVERSION = YES;
				CLANG_WARN_CONSTANT_CONVERSION = YES;
				CLANG_WARN_DIRECT_OBJC_ISA_USAGE = YES_ERROR;
				CLANG_WARN_EMPTY_BODY = YES;
				CLANG_WARN_ENUM_CONVERSION = YES;
				CLANG_WARN_INT_CONVERSION = YES;
				CLANG_WARN_OBJC_ROOT_CLASS = YES_ERROR;
				CLANG_WARN__DUPLICATE_METHOD_MATCH = YES;
				"CODE_SIGN_IDENTITY[sdk=iphoneos*]" = "iPhone Developer";
				COPY_PHASE_STRIP = NO;
				GCC_C_LANGUAGE_STANDARD = gnu99;
				GCC_DYNAMIC_NO_PIC = NO;
				GCC_OPTIMIZATION_LEVEL = 0;
				GCC_PREPROCESSOR_DEFINITIONS = (
					"DEBUG=1",
					"$(inherited)",
				);
				GCC_SYMBOLS_PRIVATE_EXTERN = NO;
				GCC_WARN_64_TO_32_BIT_CONVERSION = YES;
				GCC_WARN_ABOUT_RETURN_TYPE = YES_ERROR;
				GCC_WARN_UNDECLARED_SELECTOR = YES;
				GCC_WARN_UNINITIALIZED_AUTOS = YES_AGGRESSIVE;
				GCC_WARN_UNUSED_FUNCTION = YES;
				GCC_WARN_UNUSED_VARIABLE = YES;
				IPHONEOS_DEPLOYMENT_TARGET = 7.1;
				ONLY_ACTIVE_ARCH = YES;
				SDKROOT = iphoneos;
			};
			name = Debug;
		};
		F206B15F19C6574A006921C3 /* Release */ = {
			isa = XCBuildConfiguration;
			buildSettings = {
				ALWAYS_SEARCH_USER_PATHS = NO;
				CLANG_CXX_LANGUAGE_STANDARD = "gnu++0x";
				CLANG_CXX_LIBRARY = "libc++";
				CLANG_ENABLE_MODULES = YES;
				CLANG_ENABLE_OBJC_ARC = YES;
				CLANG_WARN_BOOL_CONVERSION = YES;
				CLANG_WARN_CONSTANT_CONVERSION = YES;
				CLANG_WARN_DIRECT_OBJC_ISA_USAGE = YES_ERROR;
				CLANG_WARN_EMPTY_BODY = YES;
				CLANG_WARN_ENUM_CONVERSION = YES;
				CLANG_WARN_INT_CONVERSION = YES;
				CLANG_WARN_OBJC_ROOT_CLASS = YES_ERROR;
				CLANG_WARN__DUPLICATE_METHOD_MATCH = YES;
				"CODE_SIGN_IDENTITY[sdk=iphoneos*]" = "iPhone Developer";
				COPY_PHASE_STRIP = YES;
				ENABLE_NS_ASSERTIONS = NO;
				GCC_C_LANGUAGE_STANDARD = gnu99;
				GCC_WARN_64_TO_32_BIT_CONVERSION = YES;
				GCC_WARN_ABOUT_RETURN_TYPE = YES_ERROR;
				GCC_WARN_UNDECLARED_SELECTOR = YES;
				GCC_WARN_UNINITIALIZED_AUTOS = YES_AGGRESSIVE;
				GCC_WARN_UNUSED_FUNCTION = YES;
				GCC_WARN_UNUSED_VARIABLE = YES;
				IPHONEOS_DEPLOYMENT_TARGET = 7.1;
				SDKROOT = iphoneos;
				VALIDATE_PRODUCT = YES;
			};
			name = Release;
		};
		F206B16119C6574A006921C3 /* Debug */ = {
			isa = XCBuildConfiguration;
			buildSettings = {
				ASSETCATALOG_COMPILER_APPICON_NAME = AppIcon;
				ASSETCATALOG_COMPILER_LAUNCHIMAGE_NAME = LaunchImage;
				CODE_SIGN_IDENTITY = "iPhone Developer";
				GCC_PRECOMPILE_PREFIX_HEADER = YES;
				GCC_PREFIX_HEADER = "Matchismo/Matchismo-Prefix.pch";
				INFOPLIST_FILE = "Matchismo/Matchismo-Info.plist";
				PRODUCT_NAME = "$(TARGET_NAME)";
				WRAPPER_EXTENSION = app;
			};
			name = Debug;
		};
		F206B16219C6574A006921C3 /* Release */ = {
			isa = XCBuildConfiguration;
			buildSettings = {
				ASSETCATALOG_COMPILER_APPICON_NAME = AppIcon;
				ASSETCATALOG_COMPILER_LAUNCHIMAGE_NAME = LaunchImage;
				CODE_SIGN_IDENTITY = "iPhone Developer";
				GCC_PRECOMPILE_PREFIX_HEADER = YES;
				GCC_PREFIX_HEADER = "Matchismo/Matchismo-Prefix.pch";
				INFOPLIST_FILE = "Matchismo/Matchismo-Info.plist";
				PRODUCT_NAME = "$(TARGET_NAME)";
				WRAPPER_EXTENSION = app;
			};
			name = Release;
		};
		F206B16419C6574A006921C3 /* Debug */ = {
			isa = XCBuildConfiguration;
			buildSettings = {
				BUNDLE_LOADER = "$(BUILT_PRODUCTS_DIR)/Matchismo.app/Matchismo";
				FRAMEWORK_SEARCH_PATHS = (
					"$(SDKROOT)/Developer/Library/Frameworks",
					"$(inherited)",
					"$(DEVELOPER_FRAMEWORKS_DIR)",
				);
				GCC_PRECOMPILE_PREFIX_HEADER = YES;
				GCC_PREFIX_HEADER = "Matchismo/Matchismo-Prefix.pch";
				GCC_PREPROCESSOR_DEFINITIONS = (
					"DEBUG=1",
					"$(inherited)",
				);
				INFOPLIST_FILE = "MatchismoTests/MatchismoTests-Info.plist";
				PRODUCT_NAME = "$(TARGET_NAME)";
				TEST_HOST = "$(BUNDLE_LOADER)";
				WRAPPER_EXTENSION = xctest;
			};
			name = Debug;
		};
		F206B16519C6574A006921C3 /* Release */ = {
			isa = XCBuildConfiguration;
			buildSettings = {
				BUNDLE_LOADER = "$(BUILT_PRODUCTS_DIR)/Matchismo.app/Matchismo";
				FRAMEWORK_SEARCH_PATHS = (
					"$(SDKROOT)/Developer/Library/Frameworks",
					"$(inherited)",
					"$(DEVELOPER_FRAMEWORKS_DIR)",
				);
				GCC_PRECOMPILE_PREFIX_HEADER = YES;
				GCC_PREFIX_HEADER = "Matchismo/Matchismo-Prefix.pch";
				INFOPLIST_FILE = "MatchismoTests/MatchismoTests-Info.plist";
				PRODUCT_NAME = "$(TARGET_NAME)";
				TEST_HOST = "$(BUNDLE_LOADER)";
				WRAPPER_EXTENSION = xctest;
			};
			name = Release;
		};
/* End XCBuildConfiguration section */

/* Begin XCConfigurationList section */
		F206B12919C6574A006921C3 /* Build configuration list for PBXProject "Matchismo" */ = {
			isa = XCConfigurationList;
			buildConfigurations = (
				F206B15E19C6574A006921C3 /* Debug */,
				F206B15F19C6574A006921C3 /* Release */,
			);
			defaultConfigurationIsVisible = 0;
			defaultConfigurationName = Release;
		};
		F206B16019C6574A006921C3 /* Build configuration list for PBXNativeTarget "Matchismo" */ = {
			isa = XCConfigurationList;
			buildConfigurations = (
				F206B16119C6574A006921C3 /* Debug */,
				F206B16219C6574A006921C3 /* Release */,
			);
			defaultConfigurationIsVisible = 0;
			defaultConfigurationName = Release;
		};
		F206B16319C6574A006921C3 /* Build configuration list for PBXNativeTarget "MatchismoTests" */ = {
			isa = XCConfigurationList;
			buildConfigurations = (
				F206B16419C6574A006921C3 /* Debug */,
				F206B16519C6574A006921C3 /* Release */,
			);
			defaultConfigurationIsVisible = 0;
			defaultConfigurationName = Release;
		};
/* End XCConfigurationList section */
	};
	rootObject = F206B12619C6574A006921C3 /* Project object */;
}
